Microsoft Visual Studio Solution File, Format Version 12.00
# Visual Studio Version 17
VisualStudioVersion = 17.5.2.0
MinimumVisualStudioVersion = 10.0.40219.1
Project("{FAE04EC0-301F-11D3-BF4B-00C04F79EFBC}") = "Funcoes", "Funcoes\Funcoes.csproj", "{C462764E-7B3E-1192-A981-76628BE98439}"
EndProject
Global
	GlobalSection(SolutionConfigurationPlatforms) = preSolution
		Debug|Any CPU = Debug|Any CPU
		Release|Any CPU = Release|Any CPU
	EndGlobalSection
	GlobalSection(ProjectConfigurationPlatforms) = postSolution
		{C462764E-7B3E-1192-A981-76628BE98439}.Debug|Any CPU.ActiveCfg = Debug|Any CPU
		{C462764E-7B3E-1192-A981-76628BE98439}.Debug|Any CPU.Build.0 = Debug|Any CPU
		{C462764E-7B3E-1192-A981-76628BE98439}.Release|Any CPU.ActiveCfg = Release|Any CPU
		{C462764E-7B3E-1192-A981-76628BE98439}.Release|Any CPU.Build.0 = Release|Any CPU
	EndGlobalSection
	GlobalSection(SolutionProperties) = preSolution
		HideSolutionNode = FALSE
	EndGlobalSection
	GlobalSection(ExtensibilityGlobals) = postSolution
		SolutionGuid = {4324B02B-6943-4498-BC57-DEF6BCBFD119}
	EndGlobalSection
EndGlobal
